
Microsoft Visual Studio Solution File, Format Version 11.00
# Visual Studio 2010
Project("{FAE04EC0-301F-11D3-BF4B-00C04F79EFBC}") = "PheaaDailyImporterUploader", "PheaaDailyImporterUploader\PheaaDailyImporterUploader.csproj", "{90C4707E-5281-4BF0-9694-D018C53D7C94}"
EndProject
Global
	GlobalSection(SolutionConfigurationPlatforms) = preSolution
		Debug|Any CPU = Debug|Any CPU
		Release|Any CPU = Release|Any CPU
	EndGlobalSection
	GlobalSection(ProjectConfigurationPlatforms) = postSolution
		{90C4707E-5281-4BF0-9694-D018C53D7C94}.Debug|Any CPU.ActiveCfg = Debug|Any CPU
		{90C4707E-5281-4BF0-9694-D018C53D7C94}.Debug|Any CPU.Build.0 = Debug|Any CPU
		{90C4707E-5281-4BF0-9694-D018C53D7C94}.Release|Any CPU.ActiveCfg = Release|Any CPU
		{90C4707E-5281-4BF0-9694-D018C53D7C94}.Release|Any CPU.Build.0 = Release|Any CPU
	EndGlobalSection
	GlobalSection(SolutionProperties) = preSolution
		HideSolutionNode = FALSE
	EndGlobalSection
EndGlobal
