
Microsoft Visual Studio Solution File, Format Version 11.00
# Visual Studio 2010
Project("{FAE04EC0-301F-11D3-BF4B-00C04F79EFBC}") = "ConsoleApplication1", "ConsoleApplication1\ConsoleApplication1.csproj", "{DAF1F0FC-62CF-48DA-8DA0-277DF95D6A6F}"
EndProject
Global
	GlobalSection(SolutionConfigurationPlatforms) = preSolution
		Debug|x86 = Debug|x86
		Release|x86 = Release|x86
	EndGlobalSection
	GlobalSection(ProjectConfigurationPlatforms) = postSolution
		{DAF1F0FC-62CF-48DA-8DA0-277DF95D6A6F}.Debug|x86.ActiveCfg = Debug|x86
		{DAF1F0FC-62CF-48DA-8DA0-277DF95D6A6F}.Debug|x86.Build.0 = Debug|x86
		{DAF1F0FC-62CF-48DA-8DA0-277DF95D6A6F}.Release|x86.ActiveCfg = Release|x86
		{DAF1F0FC-62CF-48DA-8DA0-277DF95D6A6F}.Release|x86.Build.0 = Release|x86
	EndGlobalSection
	GlobalSection(SolutionProperties) = preSolution
		HideSolutionNode = FALSE
	EndGlobalSection
EndGlobal
