
Microsoft Visual Studio Solution File, Format Version 11.00
# Visual Studio 2010
Project("{FAE04EC0-301F-11D3-BF4B-00C04F79EFBC}") = "MDFApp", "MDFApp\MDFApp.csproj", "{2969D139-9275-41A0-89E7-F03ED0B993EA}"
EndProject
Global
	GlobalSection(SolutionConfigurationPlatforms) = preSolution
		Debug|x86 = Debug|x86
		Release|x86 = Release|x86
	EndGlobalSection
	GlobalSection(ProjectConfigurationPlatforms) = postSolution
		{2969D139-9275-41A0-89E7-F03ED0B993EA}.Debug|x86.ActiveCfg = Debug|x86
		{2969D139-9275-41A0-89E7-F03ED0B993EA}.Debug|x86.Build.0 = Debug|x86
		{2969D139-9275-41A0-89E7-F03ED0B993EA}.Release|x86.ActiveCfg = Release|x86
		{2969D139-9275-41A0-89E7-F03ED0B993EA}.Release|x86.Build.0 = Release|x86
	EndGlobalSection
	GlobalSection(SolutionProperties) = preSolution
		HideSolutionNode = FALSE
	EndGlobalSection
EndGlobal
