
Microsoft Visual Studio Solution File, Format Version 10.00
# Visual Studio 2008
Project("{FAE04EC0-301F-11D3-BF4B-00C04F79EFBC}") = "RailEuropeFileParser", "RailEuropeFileParser\RailEuropeFileParser.csproj", "{1CC1A0AC-15B1-4C30-AF4A-0DF385CA6CFB}"
EndProject
Global
	GlobalSection(SolutionConfigurationPlatforms) = preSolution
		Debug|Any CPU = Debug|Any CPU
		Release|Any CPU = Release|Any CPU
	EndGlobalSection
	GlobalSection(ProjectConfigurationPlatforms) = postSolution
		{1CC1A0AC-15B1-4C30-AF4A-0DF385CA6CFB}.Debug|Any CPU.ActiveCfg = Debug|Any CPU
		{1CC1A0AC-15B1-4C30-AF4A-0DF385CA6CFB}.Debug|Any CPU.Build.0 = Debug|Any CPU
		{1CC1A0AC-15B1-4C30-AF4A-0DF385CA6CFB}.Release|Any CPU.ActiveCfg = Release|Any CPU
		{1CC1A0AC-15B1-4C30-AF4A-0DF385CA6CFB}.Release|Any CPU.Build.0 = Release|Any CPU
	EndGlobalSection
	GlobalSection(SolutionProperties) = preSolution
		HideSolutionNode = FALSE
	EndGlobalSection
EndGlobal
