Microsoft Visual Studio Solution File, Format Version 9.00
# Visual C# Express 2005
Project("{FAE04EC0-301F-11D3-BF4B-00C04F79EFBC}") = "Lyris Listmanager SOAP API Tests", "Lyris Listmanager SOAP API Tests.csproj", "{CE0CD7B2-BFDD-408F-AFD1-48BAA8BBA4DA}"
EndProject
Global
	GlobalSection(SolutionConfigurationPlatforms) = preSolution
		Debug|Any CPU = Debug|Any CPU
		Release|Any CPU = Release|Any CPU
	EndGlobalSection
	GlobalSection(ProjectConfigurationPlatforms) = postSolution
		{CE0CD7B2-BFDD-408F-AFD1-48BAA8BBA4DA}.Debug|Any CPU.ActiveCfg = Debug|Any CPU
		{CE0CD7B2-BFDD-408F-AFD1-48BAA8BBA4DA}.Debug|Any CPU.Build.0 = Debug|Any CPU
		{CE0CD7B2-BFDD-408F-AFD1-48BAA8BBA4DA}.Release|Any CPU.ActiveCfg = Release|Any CPU
		{CE0CD7B2-BFDD-408F-AFD1-48BAA8BBA4DA}.Release|Any CPU.Build.0 = Release|Any CPU
	EndGlobalSection
	GlobalSection(SolutionProperties) = preSolution
		HideSolutionNode = FALSE
	EndGlobalSection
EndGlobal
